
Microsoft Visual Studio Solution File, Format Version 12.00
# Visual Studio Version 17
VisualStudioVersion = 17.7.34018.315
MinimumVisualStudioVersion = 10.0.40219.1
Project("{9A19103F-16F7-4668-BE54-9A1E7A4F7556}") = "DataAccess", "DataAccess\DataAccess.csproj", "{2D4783CF-82AD-4CBF-BDF8-B12FE5EBBB7D}"
EndProject
Project("{9A19103F-16F7-4668-BE54-9A1E7A4F7556}") = "Business", "Business\Business.csproj", "{22A57CFF-B891-49E6-9311-112B6C3BC3BE}"
EndProject
Project("{9A19103F-16F7-4668-BE54-9A1E7A4F7556}") = "Core", "Core\Core.csproj", "{A2A0FC21-0681-446F-8210-337DC6EFB7D3}"
EndProject
Project("{9A19103F-16F7-4668-BE54-9A1E7A4F7556}") = "WebAPI", "WebAPI\WebAPI.csproj", "{FEF07D3C-E5F0-41D0-ACCA-4342E7F4BEE8}"
EndProject
Project("{FAE04EC0-301F-11D3-BF4B-00C04F79EFBC}") = "Entities", "Entities\Entities.csproj", "{CE0BC0FF-7269-4B28-AD45-70781B732942}"
EndProject
Global
	GlobalSection(SolutionConfigurationPlatforms) = preSolution
		Debug|Any CPU = Debug|Any CPU
		Release|Any CPU = Release|Any CPU
	EndGlobalSection
	GlobalSection(ProjectConfigurationPlatforms) = postSolution
		{2D4783CF-82AD-4CBF-BDF8-B12FE5EBBB7D}.Debug|Any CPU.ActiveCfg = Debug|Any CPU
		{2D4783CF-82AD-4CBF-BDF8-B12FE5EBBB7D}.Debug|Any CPU.Build.0 = Debug|Any CPU
		{2D4783CF-82AD-4CBF-BDF8-B12FE5EBBB7D}.Release|Any CPU.ActiveCfg = Release|Any CPU
		{2D4783CF-82AD-4CBF-BDF8-B12FE5EBBB7D}.Release|Any CPU.Build.0 = Release|Any CPU
		{22A57CFF-B891-49E6-9311-112B6C3BC3BE}.Debug|Any CPU.ActiveCfg = Debug|Any CPU
		{22A57CFF-B891-49E6-9311-112B6C3BC3BE}.Debug|Any CPU.Build.0 = Debug|Any CPU
		{22A57CFF-B891-49E6-9311-112B6C3BC3BE}.Release|Any CPU.ActiveCfg = Release|Any CPU
		{22A57CFF-B891-49E6-9311-112B6C3BC3BE}.Release|Any CPU.Build.0 = Release|Any CPU
		{A2A0FC21-0681-446F-8210-337DC6EFB7D3}.Debug|Any CPU.ActiveCfg = Debug|Any CPU
		{A2A0FC21-0681-446F-8210-337DC6EFB7D3}.Debug|Any CPU.Build.0 = Debug|Any CPU
		{A2A0FC21-0681-446F-8210-337DC6EFB7D3}.Release|Any CPU.ActiveCfg = Release|Any CPU
		{A2A0FC21-0681-446F-8210-337DC6EFB7D3}.Release|Any CPU.Build.0 = Release|Any CPU
		{FEF07D3C-E5F0-41D0-ACCA-4342E7F4BEE8}.Debug|Any CPU.ActiveCfg = Debug|Any CPU
		{FEF07D3C-E5F0-41D0-ACCA-4342E7F4BEE8}.Debug|Any CPU.Build.0 = Debug|Any CPU
		{FEF07D3C-E5F0-41D0-ACCA-4342E7F4BEE8}.Release|Any CPU.ActiveCfg = Release|Any CPU
		{FEF07D3C-E5F0-41D0-ACCA-4342E7F4BEE8}.Release|Any CPU.Build.0 = Release|Any CPU
		{CE0BC0FF-7269-4B28-AD45-70781B732942}.Debug|Any CPU.ActiveCfg = Debug|Any CPU
		{CE0BC0FF-7269-4B28-AD45-70781B732942}.Debug|Any CPU.Build.0 = Debug|Any CPU
		{CE0BC0FF-7269-4B28-AD45-70781B732942}.Release|Any CPU.ActiveCfg = Release|Any CPU
		{CE0BC0FF-7269-4B28-AD45-70781B732942}.Release|Any CPU.Build.0 = Release|Any CPU
	EndGlobalSection
	GlobalSection(SolutionProperties) = preSolution
		HideSolutionNode = FALSE
	EndGlobalSection
	GlobalSection(ExtensibilityGlobals) = postSolution
		SolutionGuid = {BF87328B-60D1-44A4-9D58-C6C76FB3C75A}
	EndGlobalSection
EndGlobal
